
Microsoft Visual Studio Solution File, Format Version 12.00
# Visual Studio Version 17
VisualStudioVersion = 17.9.34310.174
MinimumVisualStudioVersion = 10.0.40219.1
Project("{9A19103F-16F7-4668-BE54-9A1E7A4F7556}") = "WebApp", "WebApp\WebApp.csproj", "{C004183C-98A7-4853-BE5C-DEB81A8FA8FA}"
EndProject
Project("{9A19103F-16F7-4668-BE54-9A1E7A4F7556}") = "Models", "Models\Models.csproj", "{E7659A45-75F4-46AD-B79B-16DDD1ADCB1E}"
EndProject
Project("{9A19103F-16F7-4668-BE54-9A1E7A4F7556}") = "DataAccess", "DataAccess\DataAccess.csproj", "{B74E0872-8F16-40CC-9B4F-9AB0A9B05C76}"
EndProject
Project("{FAE04EC0-301F-11D3-BF4B-00C04F79EFBC}") = "API", "API\API.csproj", "{3495E930-886E-4B1E-800C-A604A3DD8257}"
EndProject
Global
	GlobalSection(SolutionConfigurationPlatforms) = preSolution
		Debug|Any CPU = Debug|Any CPU
		Release|Any CPU = Release|Any CPU
	EndGlobalSection
	GlobalSection(ProjectConfigurationPlatforms) = postSolution
		{C004183C-98A7-4853-BE5C-DEB81A8FA8FA}.Debug|Any CPU.ActiveCfg = Debug|Any CPU
		{C004183C-98A7-4853-BE5C-DEB81A8FA8FA}.Debug|Any CPU.Build.0 = Debug|Any CPU
		{C004183C-98A7-4853-BE5C-DEB81A8FA8FA}.Release|Any CPU.ActiveCfg = Release|Any CPU
		{C004183C-98A7-4853-BE5C-DEB81A8FA8FA}.Release|Any CPU.Build.0 = Release|Any CPU
		{E7659A45-75F4-46AD-B79B-16DDD1ADCB1E}.Debug|Any CPU.ActiveCfg = Debug|Any CPU
		{E7659A45-75F4-46AD-B79B-16DDD1ADCB1E}.Debug|Any CPU.Build.0 = Debug|Any CPU
		{E7659A45-75F4-46AD-B79B-16DDD1ADCB1E}.Release|Any CPU.ActiveCfg = Release|Any CPU
		{E7659A45-75F4-46AD-B79B-16DDD1ADCB1E}.Release|Any CPU.Build.0 = Release|Any CPU
		{B74E0872-8F16-40CC-9B4F-9AB0A9B05C76}.Debug|Any CPU.ActiveCfg = Debug|Any CPU
		{B74E0872-8F16-40CC-9B4F-9AB0A9B05C76}.Debug|Any CPU.Build.0 = Debug|Any CPU
		{B74E0872-8F16-40CC-9B4F-9AB0A9B05C76}.Release|Any CPU.ActiveCfg = Release|Any CPU
		{B74E0872-8F16-40CC-9B4F-9AB0A9B05C76}.Release|Any CPU.Build.0 = Release|Any CPU
		{3495E930-886E-4B1E-800C-A604A3DD8257}.Debug|Any CPU.ActiveCfg = Debug|Any CPU
		{3495E930-886E-4B1E-800C-A604A3DD8257}.Debug|Any CPU.Build.0 = Debug|Any CPU
		{3495E930-886E-4B1E-800C-A604A3DD8257}.Release|Any CPU.ActiveCfg = Release|Any CPU
		{3495E930-886E-4B1E-800C-A604A3DD8257}.Release|Any CPU.Build.0 = Release|Any CPU
	EndGlobalSection
	GlobalSection(SolutionProperties) = preSolution
		HideSolutionNode = FALSE
	EndGlobalSection
	GlobalSection(ExtensibilityGlobals) = postSolution
		SolutionGuid = {C6531BC9-3587-4A87-8441-2F6FB1BD11A0}
	EndGlobalSection
EndGlobal
